
Microsoft Visual Studio Solution File, Format Version 12.00
Project("{FAE04EC0-301F-11D3-BF4B-00C04F79EFBC}") = "WebApp", "WebApp\WebApp.csproj", "{1E9222E9-2DCC-49D0-BBBD-1D3FAEAEF789}"
EndProject
Project("{FAE04EC0-301F-11D3-BF4B-00C04F79EFBC}") = "Domain", "Domain\Domain.csproj", "{3646FF63-5443-4FBE-B4CA-75E4689D78F3}"
EndProject
Global
	GlobalSection(SolutionConfigurationPlatforms) = preSolution
		Debug|Any CPU = Debug|Any CPU
		Release|Any CPU = Release|Any CPU
	EndGlobalSection
	GlobalSection(ProjectConfigurationPlatforms) = postSolution
		{1E9222E9-2DCC-49D0-BBBD-1D3FAEAEF789}.Debug|Any CPU.ActiveCfg = Debug|Any CPU
		{1E9222E9-2DCC-49D0-BBBD-1D3FAEAEF789}.Debug|Any CPU.Build.0 = Debug|Any CPU
		{1E9222E9-2DCC-49D0-BBBD-1D3FAEAEF789}.Release|Any CPU.ActiveCfg = Release|Any CPU
		{1E9222E9-2DCC-49D0-BBBD-1D3FAEAEF789}.Release|Any CPU.Build.0 = Release|Any CPU
		{3646FF63-5443-4FBE-B4CA-75E4689D78F3}.Debug|Any CPU.ActiveCfg = Debug|Any CPU
		{3646FF63-5443-4FBE-B4CA-75E4689D78F3}.Debug|Any CPU.Build.0 = Debug|Any CPU
		{3646FF63-5443-4FBE-B4CA-75E4689D78F3}.Release|Any CPU.ActiveCfg = Release|Any CPU
		{3646FF63-5443-4FBE-B4CA-75E4689D78F3}.Release|Any CPU.Build.0 = Release|Any CPU
	EndGlobalSection
EndGlobal
